
Microsoft Visual Studio Solution File, Format Version 12.00
# Visual Studio Version 16
VisualStudioVersion = 16.0.31727.386
MinimumVisualStudioVersion = 10.0.40219.1
Project("{FAE04EC0-301F-11D3-BF4B-00C04F79EFBC}") = "WinFormsApp1", "WinFormsApp1\WinFormsApp1.csproj", "{A7AA9615-6D4B-4221-97F7-A15EB8FFCC50}"
EndProject
Global
	GlobalSection(SolutionConfigurationPlatforms) = preSolution
		Debug|Any CPU = Debug|Any CPU
		Release|Any CPU = Release|Any CPU
	EndGlobalSection
	GlobalSection(ProjectConfigurationPlatforms) = postSolution
		{A7AA9615-6D4B-4221-97F7-A15EB8FFCC50}.Debug|Any CPU.ActiveCfg = Debug|Any CPU
		{A7AA9615-6D4B-4221-97F7-A15EB8FFCC50}.Debug|Any CPU.Build.0 = Debug|Any CPU
		{A7AA9615-6D4B-4221-97F7-A15EB8FFCC50}.Release|Any CPU.ActiveCfg = Release|Any CPU
		{A7AA9615-6D4B-4221-97F7-A15EB8FFCC50}.Release|Any CPU.Build.0 = Release|Any CPU
	EndGlobalSection
	GlobalSection(SolutionProperties) = preSolution
		HideSolutionNode = FALSE
	EndGlobalSection
	GlobalSection(ExtensibilityGlobals) = postSolution
		SolutionGuid = {B8FB7582-69D7-4FDB-8D6D-FCA7FD0A8236}
	EndGlobalSection
EndGlobal
